
Microsoft Visual Studio Solution File, Format Version 12.00
# Visual Studio Version 17
VisualStudioVersion = 17.0.32014.148
MinimumVisualStudioVersion = 10.0.40219.1
Project("{FAE04EC0-301F-11D3-BF4B-00C04F79EFBC}") = "LoginWithRequestInApi", "LoginWithRequestInApi\LoginWithRequestInApi.csproj", "{57D4171F-69FB-4975-A2FC-6C41758F2E9F}"
EndProject
Project("{FAE04EC0-301F-11D3-BF4B-00C04F79EFBC}") = "API", "API\API.csproj", "{009ED69C-A37C-4D2A-82BA-0A2A6FED3B55}"
EndProject
Project("{2150E333-8FDC-42A3-9474-1A3956D46DE8}") = "Solution Items", "Solution Items", "{2325B5C6-981E-4B67-914A-B1812F9D6E85}"
	ProjectSection(SolutionItems) = preProject
		.editorconfig = .editorconfig
	EndProjectSection
EndProject
Global
	GlobalSection(SolutionConfigurationPlatforms) = preSolution
		Debug|Any CPU = Debug|Any CPU
		Release|Any CPU = Release|Any CPU
	EndGlobalSection
	GlobalSection(ProjectConfigurationPlatforms) = postSolution
		{57D4171F-69FB-4975-A2FC-6C41758F2E9F}.Debug|Any CPU.ActiveCfg = Debug|Any CPU
		{57D4171F-69FB-4975-A2FC-6C41758F2E9F}.Debug|Any CPU.Build.0 = Debug|Any CPU
		{57D4171F-69FB-4975-A2FC-6C41758F2E9F}.Release|Any CPU.ActiveCfg = Release|Any CPU
		{57D4171F-69FB-4975-A2FC-6C41758F2E9F}.Release|Any CPU.Build.0 = Release|Any CPU
		{009ED69C-A37C-4D2A-82BA-0A2A6FED3B55}.Debug|Any CPU.ActiveCfg = Debug|Any CPU
		{009ED69C-A37C-4D2A-82BA-0A2A6FED3B55}.Debug|Any CPU.Build.0 = Debug|Any CPU
		{009ED69C-A37C-4D2A-82BA-0A2A6FED3B55}.Release|Any CPU.ActiveCfg = Release|Any CPU
		{009ED69C-A37C-4D2A-82BA-0A2A6FED3B55}.Release|Any CPU.Build.0 = Release|Any CPU
	EndGlobalSection
	GlobalSection(SolutionProperties) = preSolution
		HideSolutionNode = FALSE
	EndGlobalSection
	GlobalSection(ExtensibilityGlobals) = postSolution
		SolutionGuid = {B36AA37F-A53C-4172-810A-43DB1897BC81}
	EndGlobalSection
EndGlobal
